# Generated by conda-lock.
# platform: linux-64
# input_hash: cae7fe0f5735cefb99434fb92a487dfe623e900d6420e6b868ae83829a555e6c
@EXPLICIT
https://conda.anaconda.org/conda-forge/linux-64/_libgcc_mutex-0.1-conda_forge.tar.bz2#d7c89558ba9fa0495403155b64376d81
https://conda.anaconda.org/conda-forge/linux-64/ca-certificates-2022.9.24-ha878542_0.tar.bz2#41e4e87062433e283696cf384f952ef6
https://conda.anaconda.org/conda-forge/noarch/font-ttf-dejavu-sans-mono-2.37-hab24e00_0.tar.bz2#0c96522c6bdaed4b1566d11387caaf45
https://conda.anaconda.org/conda-forge/noarch/font-ttf-inconsolata-3.000-h77eed37_0.tar.bz2#34893075a5c9e55cdafac56607368fc6
https://conda.anaconda.org/conda-forge/noarch/font-ttf-source-code-pro-2.038-h77eed37_0.tar.bz2#4d59c254e01d9cde7957100457e2d5fb
https://conda.anaconda.org/conda-forge/noarch/font-ttf-ubuntu-0.83-hab24e00_0.tar.bz2#19410c3df09dfb12d1206132a1d357c5
https://conda.anaconda.org/conda-forge/linux-64/ld_impl_linux-64-2.36.1-hea4e1c9_2.tar.bz2#bd4f2e711b39af170e7ff15163fe87ee
https://conda.anaconda.org/conda-forge/linux-64/libgfortran5-12.1.0-hdcd56e2_16.tar.bz2#b02605b875559ff99f04351fd5040760
https://conda.anaconda.org/conda-forge/linux-64/libstdcxx-ng-12.1.0-ha89aaad_16.tar.bz2#6f5ba041a41eb102a1027d9e68731be7
https://conda.anaconda.org/conda-forge/noarch/poppler-data-0.4.11-hd8ed1ab_0.tar.bz2#abc27381c4f005da588cffa1f76403ee
https://conda.anaconda.org/conda-forge/noarch/tzdata-2022d-h191b570_0.tar.bz2#456b5b1d99e7a9654b331bcd82e71042
https://conda.anaconda.org/conda-forge/noarch/fonts-conda-forge-1-0.tar.bz2#f766549260d6815b0c52253f1fb1bb29
https://conda.anaconda.org/conda-forge/linux-64/libgfortran-ng-12.1.0-h69a702a_16.tar.bz2#6bf15e29a20f614b18ae89368260d0a2
https://conda.anaconda.org/conda-forge/linux-64/libgomp-12.1.0-h8d9b700_16.tar.bz2#f013cf7749536ce43d82afbffdf499ab
https://conda.anaconda.org/conda-forge/linux-64/_openmp_mutex-4.5-2_gnu.tar.bz2#73aaf86a425cc6e73fcf236a5a46396d
https://conda.anaconda.org/conda-forge/noarch/fonts-conda-ecosystem-1-0.tar.bz2#fee5683a3f04bd15cbd8318b096a27ab
https://conda.anaconda.org/conda-forge/linux-64/libgcc-ng-12.1.0-h8d9b700_16.tar.bz2#4f05bc9844f7c101e6e147dab3c88d5c
https://conda.anaconda.org/conda-forge/linux-64/alsa-lib-1.2.3.2-h166bdaf_0.tar.bz2#b7607b7b62dce55c194ad84f99464e5f
https://conda.anaconda.org/conda-forge/linux-64/bzip2-1.0.8-h7f98852_4.tar.bz2#a1fd65c7ccbf10880423d82bca54eb54
https://conda.anaconda.org/conda-forge/linux-64/c-ares-1.18.1-h7f98852_0.tar.bz2#f26ef8098fab1f719c91eb760d63381a
https://conda.anaconda.org/conda-forge/linux-64/expat-2.4.9-h27087fc_0.tar.bz2#493ac8b2503a949aebe33d99ea0c284f
https://conda.anaconda.org/conda-forge/linux-64/freexl-1.0.6-h166bdaf_1.tar.bz2#897e772a157faf3330d72dd291486f62
https://conda.anaconda.org/conda-forge/linux-64/geos-3.9.1-h9c3ff4c_2.tar.bz2#b9a6d9422aed3ad84ec6ccee9bfcaa0f
https://conda.anaconda.org/conda-forge/linux-64/gettext-0.19.8.1-h27087fc_1009.tar.bz2#17f91dc8bb7a259b02be5bfb2cd2395f
https://conda.anaconda.org/conda-forge/linux-64/giflib-5.2.1-h36c2ea0_2.tar.bz2#626e68ae9cc5912d6adb79d318cf962d
https://conda.anaconda.org/conda-forge/linux-64/gmp-6.2.1-h58526e2_0.tar.bz2#b94cf2db16066b242ebd26db2facbd56
https://conda.anaconda.org/conda-forge/linux-64/graphite2-1.3.13-h58526e2_1001.tar.bz2#8c54672728e8ec6aa6db90cf2806d220
https://conda.anaconda.org/conda-forge/linux-64/icu-68.2-h9c3ff4c_0.tar.bz2#6618c9b191638993f2a818c6529e1b49
https://conda.anaconda.org/conda-forge/linux-64/jpeg-9e-h166bdaf_2.tar.bz2#ee8b844357a0946870901c7c6f418268
https://conda.anaconda.org/conda-forge/linux-64/json-c-0.15-h98cffda_0.tar.bz2#f32d45a88e7462be446824654dbcf4a4
https://conda.anaconda.org/conda-forge/linux-64/keyutils-1.6.1-h166bdaf_0.tar.bz2#30186d27e2c9fa62b45fb1476b7200e3
https://conda.anaconda.org/conda-forge/linux-64/lame-3.100-h7f98852_1001.tar.bz2#60939f1940312bba87bb2e4da5032f99
https://conda.anaconda.org/conda-forge/linux-64/lerc-4.0.0-h27087fc_0.tar.bz2#76bbff344f0134279f225174e9064c8f
https://conda.anaconda.org/conda-forge/linux-64/libdeflate-1.14-h166bdaf_0.tar.bz2#fc84a0446e4e4fb882e78d786cfb9734
https://conda.anaconda.org/conda-forge/linux-64/libev-4.33-h516909a_1.tar.bz2#6f8720dff19e17ce5d48cfe7f3d2f0a3
https://conda.anaconda.org/conda-forge/linux-64/libffi-3.4.2-h7f98852_5.tar.bz2#d645c6d2ac96843a2bfaccd2d62b3ac3
https://conda.anaconda.org/conda-forge/linux-64/libglu-9.0.0-he1b5a44_1001.tar.bz2#8208602aec4826053c116552369a394c
https://conda.anaconda.org/conda-forge/linux-64/libiconv-1.17-h166bdaf_0.tar.bz2#b62b52da46c39ee2bc3c162ac7f1804d
https://conda.anaconda.org/conda-forge/linux-64/libnsl-2.0.0-h7f98852_0.tar.bz2#39b1328babf85c7c3a61636d9cd50206
https://conda.anaconda.org/conda-forge/linux-64/libogg-1.3.4-h7f98852_1.tar.bz2#6e8cc2173440d77708196c5b93771680
https://conda.anaconda.org/conda-forge/linux-64/libopenblas-0.3.21-pthreads_h78a6416_3.tar.bz2#8c5963a49b6035c40646a763293fbb35
https://conda.anaconda.org/conda-forge/linux-64/libopus-1.3.1-h7f98852_1.tar.bz2#15345e56d527b330e1cacbdf58676e8f
https://conda.anaconda.org/conda-forge/linux-64/libuuid-2.32.1-h7f98852_1000.tar.bz2#772d69f030955d9646d3d0eaf21d859d
https://conda.anaconda.org/conda-forge/linux-64/libwebp-base-1.2.4-h166bdaf_0.tar.bz2#ac2ccf7323d21f2994e4d1f5da664f37
https://conda.anaconda.org/conda-forge/linux-64/libzlib-1.2.12-h166bdaf_3.tar.bz2#29b2d63b0e21b765da0418bc452538c9
https://conda.anaconda.org/conda-forge/linux-64/lz4-c-1.9.3-h9c3ff4c_1.tar.bz2#fbe97e8fa6f275d7c76a09e795adc3e6
https://conda.anaconda.org/conda-forge/linux-64/ncurses-6.3-h27087fc_1.tar.bz2#4acfc691e64342b9dae57cf2adc63238
https://conda.anaconda.org/conda-forge/linux-64/nettle-3.6-he412f7d_0.tar.bz2#f050099af540c1c960c813b06bca89ad
https://conda.anaconda.org/conda-forge/linux-64/nspr-4.32-h9c3ff4c_1.tar.bz2#29ded371806431b0499aaee146abfc3e
https://conda.anaconda.org/conda-forge/linux-64/openssl-1.1.1q-h166bdaf_0.tar.bz2#07acc367c7fc8b716770cd5b36d31717
https://conda.anaconda.org/conda-forge/linux-64/pcre-8.45-h9c3ff4c_0.tar.bz2#c05d1820a6d34ff07aaaab7a9b7eddaa
https://conda.anaconda.org/conda-forge/linux-64/pixman-0.40.0-h36c2ea0_0.tar.bz2#660e72c82f2e75a6b3fe6a6e75c79f19
https://conda.anaconda.org/conda-forge/linux-64/pthread-stubs-0.4-h36c2ea0_1001.tar.bz2#22dad4df6e8630e8dff2428f6f6a7036
https://conda.anaconda.org/conda-forge/linux-64/tzcode-2022d-h166bdaf_0.tar.bz2#47f080f1708e09e88a273112024a8bde
https://conda.anaconda.org/conda-forge/linux-64/x264-1!161.3030-h7f98852_1.tar.bz2#4c9106542ee02c991b64b575ca4ea029
https://conda.anaconda.org/conda-forge/linux-64/xorg-inputproto-2.3.2-h7f98852_1002.tar.bz2#bcd1b3396ec6960cbc1d2855a9e60b2b
https://conda.anaconda.org/conda-forge/linux-64/xorg-kbproto-1.0.7-h7f98852_1002.tar.bz2#4b230e8381279d76131116660f5a241a
https://conda.anaconda.org/conda-forge/linux-64/xorg-libice-1.0.10-h7f98852_0.tar.bz2#d6b0b50b49eccfe0be0373be628be0f3
https://conda.anaconda.org/conda-forge/linux-64/xorg-libxau-1.0.9-h7f98852_0.tar.bz2#bf6f803a544f26ebbdc3bfff272eb179
https://conda.anaconda.org/conda-forge/linux-64/xorg-libxdmcp-1.1.3-h7f98852_0.tar.bz2#be93aabceefa2fac576e971aef407908
https://conda.anaconda.org/conda-forge/linux-64/xorg-renderproto-0.11.1-h7f98852_1002.tar.bz2#06feff3d2634e3097ce2fe681474b534
https://conda.anaconda.org/conda-forge/linux-64/xorg-xextproto-7.3.0-h7f98852_1002.tar.bz2#1e15f6ad85a7d743a2ac68dae6c82b98
https://conda.anaconda.org/conda-forge/linux-64/xorg-xproto-7.0.31-h7f98852_1007.tar.bz2#b4a4381d54784606820704f7b5f05a15
https://conda.anaconda.org/conda-forge/linux-64/xz-5.2.6-h166bdaf_0.tar.bz2#2161070d867d1b1204ea749c8eec4ef0
https://conda.anaconda.org/conda-forge/linux-64/yaml-0.2.5-h7f98852_2.tar.bz2#4cb3ad778ec2d5a7acbdf254eb1c42ae
https://conda.anaconda.org/conda-forge/linux-64/gnutls-3.6.13-h85f3911_1.tar.bz2#7d1b6fff16c1431d96cb4934938799fd
https://conda.anaconda.org/conda-forge/linux-64/hdf4-4.2.15-h9772cbc_4.tar.bz2#dd3e1941dd06f64cb88647d2f7ff8aaa
https://conda.anaconda.org/conda-forge/linux-64/libblas-3.9.0-16_linux64_openblas.tar.bz2#d9b7a8639171f6c6fa0a983edabcfe2b
https://conda.anaconda.org/conda-forge/linux-64/libedit-3.1.20191231-he28a2e2_2.tar.bz2#4d331e44109e3f0e19b4cb8f9b82f3e1
https://conda.anaconda.org/conda-forge/linux-64/libevent-2.1.10-h9b69904_4.tar.bz2#390026683aef81db27ff1b8570ca1336
https://conda.anaconda.org/conda-forge/linux-64/libllvm11-11.1.0-he0ac6c6_4.tar.bz2#b23608691ae647c2d49cd55d0a85fce6
https://conda.anaconda.org/conda-forge/linux-64/libnghttp2-1.47.0-hdcd2b5c_1.tar.bz2#6fe9e31c2b8d0b022626ccac13e6ca3c
https://conda.anaconda.org/conda-forge/linux-64/libpng-1.6.38-h753d276_0.tar.bz2#575078de1d3a3114b3ce131bd1508d0c
https://conda.anaconda.org/conda-forge/linux-64/librttopo-1.1.0-h1185371_6.tar.bz2#bdaaaa5a3984edea71596fc9cca74463
https://conda.anaconda.org/conda-forge/linux-64/libsqlite-3.39.3-h753d276_0.tar.bz2#ccb2457c73609f2622b8a4b3e42e5d8b
https://conda.anaconda.org/conda-forge/linux-64/libssh2-1.10.0-haa6b8db_3.tar.bz2#89acee135f0809a18a1f4537390aa2dd
https://conda.anaconda.org/conda-forge/linux-64/libvorbis-1.3.7-h9c3ff4c_0.tar.bz2#309dec04b70a3cc0f1e84a4013683bc0
https://conda.anaconda.org/conda-forge/linux-64/libxcb-1.13-h7f98852_1004.tar.bz2#b3653fdc58d03face9724f602218a904
https://conda.anaconda.org/conda-forge/linux-64/libzip-1.9.2-hc869a4a_1.tar.bz2#7a268cf1386d271e576e35ae82149ef2
https://conda.anaconda.org/conda-forge/linux-64/mysql-common-8.0.30-haf5c9bc_1.tar.bz2#62b588b2a313ac3d9c2ead767baa3b5d
https://conda.anaconda.org/conda-forge/linux-64/pcre2-10.37-hc3806b6_1.tar.bz2#dfd26f27a9d5de96cec1d007b9aeb964
https://conda.anaconda.org/conda-forge/linux-64/readline-8.1.2-h0f457ee_0.tar.bz2#db2ebbe2943aae81ed051a6a9af8e0fa
https://conda.anaconda.org/conda-forge/linux-64/tk-8.6.12-h27826a3_0.tar.bz2#5b8c42eb62e9fc961af70bdd6a26e168
https://conda.anaconda.org/conda-forge/linux-64/xerces-c-3.2.3-h9d8b166_3.tar.bz2#933cb0804fca6edcfb64332e93d86a1e
https://conda.anaconda.org/conda-forge/linux-64/xorg-fixesproto-5.0-h7f98852_1002.tar.bz2#65ad6e1eb4aed2b0611855aff05e04f6
https://conda.anaconda.org/conda-forge/linux-64/xorg-libsm-1.2.3-hd9c2040_1000.tar.bz2#9e856f78d5c80d5a78f61e72d1d473a3
https://conda.anaconda.org/conda-forge/linux-64/zlib-1.2.12-h166bdaf_3.tar.bz2#76c717057865201aa2d24b79315645bb
https://conda.anaconda.org/conda-forge/linux-64/zstd-1.5.2-h6239696_4.tar.bz2#adcf0be7897e73e312bd24353b613f74
https://conda.anaconda.org/conda-forge/linux-64/boost-cpp-1.74.0-h312852a_4.tar.bz2#22ee6de84c28eb7bd76802cf071c5d25
https://conda.anaconda.org/conda-forge/linux-64/freetype-2.12.1-hca18f0e_0.tar.bz2#4e54cbfc47b8c74c2ecc1e7730d8edce
https://conda.anaconda.org/conda-forge/linux-64/krb5-1.19.3-h3790be6_0.tar.bz2#7d862b05445123144bec92cb1acc8ef8
https://conda.anaconda.org/conda-forge/linux-64/libcblas-3.9.0-16_linux64_openblas.tar.bz2#20bae26d0a1db73f758fc3754cab4719
https://conda.anaconda.org/conda-forge/linux-64/libclang-11.1.0-default_ha53f305_1.tar.bz2#b9b71585ca4fcb5d442c5a9df5dd7e98
https://conda.anaconda.org/conda-forge/linux-64/libglib-2.74.0-h7a41b64_0.tar.bz2#fe768553d0fe619bb9704e3c79c0ee2e
https://conda.anaconda.org/conda-forge/linux-64/liblapack-3.9.0-16_linux64_openblas.tar.bz2#955d993f41f9354bf753d29864ea20ad
https://conda.anaconda.org/conda-forge/linux-64/libprotobuf-3.19.4-h780b84a_0.tar.bz2#9ff9ab8cc887d4bdebc7c7dba641626f
https://conda.anaconda.org/conda-forge/linux-64/libtiff-4.4.0-h55922b4_4.tar.bz2#901791f0ec7cddc8714e76e273013a91
https://conda.anaconda.org/conda-forge/linux-64/libxml2-2.9.12-h72842e0_0.tar.bz2#bd14fdf5b9ee5568056a40a6a2f41866
https://conda.anaconda.org/conda-forge/linux-64/mysql-libs-8.0.30-h28c427c_1.tar.bz2#0bd292db365c83624316efc2764d9f16
https://conda.anaconda.org/conda-forge/linux-64/openh264-2.1.1-h780b84a_0.tar.bz2#034a6f90f1bbc7ba11d04b84ec9d74c8
https://conda.anaconda.org/conda-forge/linux-64/sqlite-3.39.3-h4ff8645_0.tar.bz2#f03cf4ec974e32b6c5d349f62637e36e
https://conda.anaconda.org/conda-forge/linux-64/tiledb-2.3.4-he87e0bf_0.tar.bz2#fc60915b52f99c5eba16c858a54f32e7
https://conda.anaconda.org/conda-forge/linux-64/xorg-libx11-1.7.2-h7f98852_0.tar.bz2#12a61e640b8894504326aadafccbb790
https://conda.anaconda.org/conda-forge/linux-64/dbus-1.13.6-h5008d03_3.tar.bz2#ecfff944ba3960ecb334b9a2663d708d
https://conda.anaconda.org/conda-forge/linux-64/ffmpeg-4.3.2-h37c90e5_3.tar.bz2#6a70bf602abac41eef61275280c1e834
https://conda.anaconda.org/conda-forge/linux-64/fontconfig-2.14.0-hc2a2eb6_1.tar.bz2#139ace7da04f011abbd531cb2a9840ee
https://conda.anaconda.org/conda-forge/linux-64/gstreamer-1.18.5-h9f60fe5_3.tar.bz2#511aa83cdfcc0132380db5daf2f15f27
https://conda.anaconda.org/conda-forge/linux-64/lcms2-2.12-hddcbb42_0.tar.bz2#797117394a4aa588de6d741b06fad80f
https://conda.anaconda.org/conda-forge/linux-64/libcurl-7.83.1-h7bff187_0.tar.bz2#d0c278476dba3b29ee13203784672ab1
https://conda.anaconda.org/conda-forge/linux-64/libkml-1.3.0-h238a007_1014.tar.bz2#abd8e196ad04781818acef26cc451d66
https://conda.anaconda.org/conda-forge/linux-64/liblapacke-3.9.0-16_linux64_openblas.tar.bz2#823ceb5567e1a595deb643fcd17aed5a
https://conda.anaconda.org/conda-forge/linux-64/libpq-13.5-hd57d9b9_1.tar.bz2#a0f425d61c7df890d6381ea352c3f1d7
https://conda.anaconda.org/conda-forge/linux-64/libxkbcommon-1.0.3-he3ba5ed_0.tar.bz2#f9dbabc7e01c459ed7a1d1d64b206e9b
https://conda.anaconda.org/conda-forge/linux-64/nss-3.78-h2350873_0.tar.bz2#ab3df39f96742e6f1a9878b09274c1dc
https://conda.anaconda.org/conda-forge/linux-64/openjpeg-2.5.0-h7d73246_1.tar.bz2#a11b4df9271a8d7917686725aa04c8f2
https://conda.anaconda.org/conda-forge/linux-64/python-3.9.13-h9a8a25e_0_cpython.tar.bz2#69bc307cc4d7396c5fccb26bbcc9c379
https://conda.anaconda.org/conda-forge/linux-64/xorg-libxext-1.3.4-h7f98852_1.tar.bz2#536cc5db4d0a3ba0630541aec064b5e4
https://conda.anaconda.org/conda-forge/linux-64/xorg-libxfixes-5.0.3-h7f98852_1004.tar.bz2#e9a21aa4d5e3e5f1aed71e8cefd46b6a
https://conda.anaconda.org/conda-forge/linux-64/xorg-libxrender-0.9.10-h7f98852_1003.tar.bz2#f59c1242cc1dd93e72c2ee2b360979eb
https://conda.anaconda.org/conda-forge/noarch/affine-2.3.1-pyhd8ed1ab_0.tar.bz2#466dc5c1b75c93180efbd81d99dc29b0
https://conda.anaconda.org/conda-forge/noarch/asciitree-0.3.3-py_2.tar.bz2#c0481c9de49f040272556e2cedf42816
https://conda.anaconda.org/conda-forge/noarch/attrs-22.1.0-pyh71513ae_1.tar.bz2#6d3ccbc56256204925bfa8378722792f
https://conda.anaconda.org/conda-forge/linux-64/cairo-1.16.0-h6cf1ce9_1008.tar.bz2#a43fb47d15e116f8be4be7e6b17ab59f
https://conda.anaconda.org/conda-forge/noarch/certifi-2022.9.24-pyhd8ed1ab_0.tar.bz2#f66309b099374af91369e67e84af397d
https://conda.anaconda.org/conda-forge/linux-64/cfitsio-3.470-hb418390_7.tar.bz2#5bda2e5ca5edb0c207c3ec76f57f8ecc
https://conda.anaconda.org/conda-forge/linux-64/curl-7.83.1-h7bff187_0.tar.bz2#ba33b9995f5e691e4f439422d6efafc7
https://conda.anaconda.org/conda-forge/noarch/entrypoints-0.4-pyhd8ed1ab_0.tar.bz2#3cf04868fee0a029769bd41f4b2fbf2d
https://conda.anaconda.org/conda-forge/noarch/fasteners-0.17.3-pyhd8ed1ab_0.tar.bz2#348e27e78a5e39090031448c72f66d5e
https://conda.anaconda.org/conda-forge/linux-64/gst-plugins-base-1.18.5-hf529b03_3.tar.bz2#524a9f1718bac53a6cf4906bcc51d044
https://conda.anaconda.org/conda-forge/linux-64/hdf5-1.12.1-nompi_h2386368_104.tar.bz2#9607caa4c7df524ab6ddf6005ffa6731
https://conda.anaconda.org/conda-forge/noarch/itsdangerous-2.1.2-pyhd8ed1ab_0.tar.bz2#3c3de74912f11d2b590184f03c7cd09b
https://conda.anaconda.org/conda-forge/linux-64/postgresql-13.5-h2510834_1.tar.bz2#6ce6ce655fcc1c79462901d4fcaac518
https://conda.anaconda.org/conda-forge/linux-64/proj-8.1.1-h277dcde_2.tar.bz2#f2dd8fd358ceab06812fafc0ffe109b1
https://conda.anaconda.org/conda-forge/noarch/pyparsing-3.0.9-pyhd8ed1ab_0.tar.bz2#e8fbc1b54b25f4b08281467bc13b70cc
https://conda.anaconda.org/conda-forge/linux-64/python_abi-3.9-2_cp39.tar.bz2#39adde4247484de2bb4000122fdcf665
https://conda.anaconda.org/conda-forge/noarch/pytz-2022.2.1-pyhd8ed1ab_0.tar.bz2#974bca71d00364630f63f31fa7e059cb
https://conda.anaconda.org/conda-forge/noarch/six-1.16.0-pyh6c4a22f_0.tar.bz2#e5f25f8dbc060e9a8d912e432202afc2
https://conda.anaconda.org/conda-forge/noarch/tenacity-8.1.0-pyhd8ed1ab_0.tar.bz2#97e6f26dd5b93c9f5e6142e16ee3af62
https://conda.anaconda.org/conda-forge/noarch/typing_extensions-4.3.0-pyha770c72_0.tar.bz2#a9d85960bc62d53cc4ea0d1d27f73c98
https://conda.anaconda.org/conda-forge/noarch/werkzeug-2.0.3-pyhd8ed1ab_1.tar.bz2#369e03b5f96efd7942c7bc9571d6ff9c
https://conda.anaconda.org/conda-forge/noarch/wheel-0.37.1-pyhd8ed1ab_0.tar.bz2#1ca02aaf78d9c70d9a81a3bed5752022
https://conda.anaconda.org/conda-forge/linux-64/xorg-libxi-1.7.10-h7f98852_0.tar.bz2#e77615e5141cad5a2acaa043d1cf0ca5
https://conda.anaconda.org/conda-forge/noarch/zipp-3.8.1-pyhd8ed1ab_0.tar.bz2#a3508a0c850745b875de88aea4c40cc5
https://conda.anaconda.org/conda-forge/linux-64/brotli-python-1.0.9-py39h5a03fae_7.tar.bz2#b4b8f86b3adf49737bb23108d2f0951d
https://conda.anaconda.org/conda-forge/linux-64/click-8.1.3-py39hf3d152e_0.tar.bz2#40edd9ebc04e4b4ec27c1008e5e3f99d
https://conda.anaconda.org/conda-forge/linux-64/freeglut-3.2.2-h9c3ff4c_1.tar.bz2#1192066d1296de9b492175a4cf43fe8a
https://conda.anaconda.org/conda-forge/linux-64/geotiff-1.7.0-hcfb7246_3.tar.bz2#2ee4c7dbcb8a40aaa1f3fe6eee4b2f3e
https://conda.anaconda.org/conda-forge/linux-64/harfbuzz-3.1.1-h83ec7ef_0.tar.bz2#ca8faaee04a83e3c4d6f708a35ac2ec3
https://conda.anaconda.org/conda-forge/linux-64/importlib-metadata-4.11.4-py39hf3d152e_0.tar.bz2#4c2a0eabf0b8980b2c755646a6f750eb
https://conda.anaconda.org/conda-forge/linux-64/kealib-1.4.15-hfe1a663_0.tar.bz2#32fda93b8db4b6be630d1ee6a94f23b9
https://conda.anaconda.org/conda-forge/linux-64/libdap4-3.20.6-hd7c4107_2.tar.bz2#c265ae57e3acdc891f3e2b93cf6784f5
https://conda.anaconda.org/conda-forge/linux-64/libnetcdf-4.8.1-nompi_h329d8a1_102.tar.bz2#a857af323c5edbd8e9e45fb9facb6f5f
https://conda.anaconda.org/conda-forge/linux-64/libspatialite-5.0.1-h8796b1e_9.tar.bz2#f36ac553f78bdec672ee6e4b05818ef0
https://conda.anaconda.org/conda-forge/linux-64/markupsafe-2.1.1-py39hb9d737c_1.tar.bz2#7cda413e43b252044a270c2477031c5c
https://conda.anaconda.org/conda-forge/linux-64/msgpack-python-1.0.4-py39hf939315_0.tar.bz2#35b4a1a56408657cd2c6ce7145c21ecf
https://conda.anaconda.org/conda-forge/linux-64/numpy-1.23.3-py39hba7629e_0.tar.bz2#320e25179733ec4a2ecffcebc8abbc80
https://conda.anaconda.org/conda-forge/noarch/packaging-21.3-pyhd8ed1ab_0.tar.bz2#71f1ab2de48613876becddd496371c85
https://conda.anaconda.org/conda-forge/noarch/plotly-5.10.0-pyhd8ed1ab_0.tar.bz2#e95502aa0f8e3db05d198214472575de
https://conda.anaconda.org/conda-forge/linux-64/poppler-21.09.0-ha39eefc_3.tar.bz2#12d3af7e7a70f8c6e4f8b34a1217d4d2
https://conda.anaconda.org/conda-forge/linux-64/psycopg2-2.9.2-py39h3811e60_0.tar.bz2#752da19d7b9c168ba7a29e4c2a4eb74e
https://conda.anaconda.org/conda-forge/noarch/python-dateutil-2.8.2-pyhd8ed1ab_0.tar.bz2#dd999d1cc9f79e67dbb855c8924c7984
https://conda.anaconda.org/conda-forge/linux-64/pyyaml-6.0-py39hb9d737c_4.tar.bz2#dcc47a3b751508507183d17e569805e5
https://conda.anaconda.org/conda-forge/linux-64/qt-5.12.9-hda022c4_4.tar.bz2#afebab1f5049d66baaaec67d9ce893f0
https://conda.anaconda.org/conda-forge/linux-64/setuptools-59.8.0-py39hf3d152e_1.tar.bz2#4252d0c211566a9f65149ba7f6e87aa4
https://conda.anaconda.org/conda-forge/noarch/typing-extensions-4.3.0-hd8ed1ab_0.tar.bz2#f3e98e944832fb271a0dbda7b7771dc6
https://conda.anaconda.org/conda-forge/linux-64/cftime-1.6.2-py39h2ae25f5_0.tar.bz2#4b108127973b66b36edd6449aa6afde0
https://conda.anaconda.org/conda-forge/noarch/click-plugins-1.1.1-py_0.tar.bz2#4fd2c6b53934bd7d96d1f3fdaf99b79f
https://conda.anaconda.org/conda-forge/noarch/cligj-0.7.2-pyhd8ed1ab_1.tar.bz2#a29b7c141d6b2de4bb67788a5f107734
https://conda.anaconda.org/conda-forge/linux-64/jasper-2.0.33-ha77e612_0.tar.bz2#054883e8ea7142e89bcbec08b5d401ea
https://conda.anaconda.org/conda-forge/noarch/jinja2-3.1.2-pyhd8ed1ab_1.tar.bz2#c8490ed5c70966d232fdd389d0dbed37
https://conda.anaconda.org/conda-forge/linux-64/libgdal-3.3.3-h356f897_0.tar.bz2#5ef4f9b3bddfafcde318d0d4c639b89d
https://conda.anaconda.org/conda-forge/linux-64/numcodecs-0.10.2-py39h5a03fae_0.tar.bz2#9ca214ca5ad3f7557c1d6122f2239a00
https://conda.anaconda.org/conda-forge/linux-64/pandas-1.3.5-py39hde0f152_0.tar.bz2#667350acd89504e72f978fa35c105a99
https://conda.anaconda.org/conda-forge/noarch/pip-22.2.2-pyhd8ed1ab_0.tar.bz2#0b43abe4d3ee93e82742d37def53a836
https://conda.anaconda.org/conda-forge/linux-64/protobuf-3.19.4-py39he80948d_0.tar.bz2#f4ba2e73188886c1f1de8ececafa583e
https://conda.anaconda.org/conda-forge/linux-64/shapely-1.7.1-py39ha61afbd_5.tar.bz2#3327aae8961242e70ebf6efc0d54df59
https://conda.anaconda.org/conda-forge/noarch/snuggs-1.4.7-py_0.tar.bz2#cb83a3d6ecf73f50117635192414426a
https://conda.anaconda.org/conda-forge/noarch/flask-2.1.3-pyhd8ed1ab_0.tar.bz2#4b95b1c750d6d737905cdb447f097b9c
https://conda.anaconda.org/conda-forge/noarch/geobuf-1.1.1-pyh9f0ad1d_0.tar.bz2#8e12e8f59e69f137b4e71d59d3c84fdb
https://conda.anaconda.org/conda-forge/linux-64/libopencv-4.5.5-py39h7d09d5f_0.tar.bz2#6293dc2218e2256dd5d287ddbca0e3d8
https://conda.anaconda.org/conda-forge/linux-64/rasterio-1.2.10-py39hb37810a_0.tar.bz2#5e17eed922c30a4d0889118c2241076e
https://conda.anaconda.org/conda-forge/noarch/xarray-2022.9.0-pyhd8ed1ab_0.tar.bz2#e841ab2f40fb319e6740130227904cbf
https://conda.anaconda.org/conda-forge/noarch/zarr-2.13.2-pyhd8ed1ab_1.tar.bz2#59cf72594470af2b29259966bae73c10
https://conda.anaconda.org/conda-forge/noarch/flask-compress-1.13-pyhd8ed1ab_0.tar.bz2#19a84270d30c5a0dd10780e3d510e33d
https://conda.anaconda.org/conda-forge/linux-64/py-opencv-4.5.5-py39hef51801_0.tar.bz2#a9831625c0081ff5c9f99564555fbeea
https://conda.anaconda.org/conda-forge/noarch/dash-2.3.1-pyhd8ed1ab_0.tar.bz2#04ed661c89c3f175967a3ec63bf17cf9
https://conda.anaconda.org/conda-forge/linux-64/opencv-4.5.5-py39hf3d152e_0.tar.bz2#8d7aa61c535856e8acd99291a6f8de5c
https://conda.anaconda.org/conda-forge/noarch/dash-bootstrap-components-1.2.1-pyhd8ed1ab_0.tar.bz2#e10b0d9a3e034c3010c5a4d4a746b9ec
https://conda.anaconda.org/conda-forge/noarch/dash-leaflet-0.1.23-pyhd8ed1ab_0.tar.bz2#e2b8a722cbd53064e931e7aa5ef30cc2
