# Generated by conda-lock.
# platform: win-64
# input_hash: ea652e7b66a9236a1df5047ac01fcf942594957cfaffe16f9e373391a64289a4
@EXPLICIT
https://conda.anaconda.org/conda-forge/win-64/ca-certificates-2022.9.24-h5b45459_0.tar.bz2#5fba0abc60bf327a4bc4188cd64678be
https://conda.anaconda.org/conda-forge/noarch/font-ttf-dejavu-sans-mono-2.37-hab24e00_0.tar.bz2#0c96522c6bdaed4b1566d11387caaf45
https://conda.anaconda.org/conda-forge/noarch/font-ttf-inconsolata-3.000-h77eed37_0.tar.bz2#34893075a5c9e55cdafac56607368fc6
https://conda.anaconda.org/conda-forge/noarch/font-ttf-source-code-pro-2.038-h77eed37_0.tar.bz2#4d59c254e01d9cde7957100457e2d5fb
https://conda.anaconda.org/conda-forge/noarch/font-ttf-ubuntu-0.83-hab24e00_0.tar.bz2#19410c3df09dfb12d1206132a1d357c5
https://conda.anaconda.org/conda-forge/win-64/intel-openmp-2022.1.0-h57928b3_3787.tar.bz2#35dff2b6e944ce136a574c4c006cec28
https://conda.anaconda.org/conda-forge/noarch/poppler-data-0.4.11-hd8ed1ab_0.tar.bz2#abc27381c4f005da588cffa1f76403ee
https://conda.anaconda.org/conda-forge/noarch/tzdata-2022d-h191b570_0.tar.bz2#456b5b1d99e7a9654b331bcd82e71042
https://conda.anaconda.org/conda-forge/win-64/ucrt-10.0.20348.0-h57928b3_0.tar.bz2#6d666b6ea8251231ff508062d1e41f9c
https://conda.anaconda.org/conda-forge/noarch/fonts-conda-forge-1-0.tar.bz2#f766549260d6815b0c52253f1fb1bb29
https://conda.anaconda.org/conda-forge/win-64/vs2015_runtime-14.29.30139-h890b9b1_7.tar.bz2#fa1c74e99660f26265535fefee8e0e42
https://conda.anaconda.org/conda-forge/noarch/fonts-conda-ecosystem-1-0.tar.bz2#fee5683a3f04bd15cbd8318b096a27ab
https://conda.anaconda.org/conda-forge/win-64/vc-14.2-hb210afc_7.tar.bz2#079ed576a6c8f0c9b0bbaca0b786daa3
https://conda.anaconda.org/conda-forge/win-64/bzip2-1.0.8-h8ffe710_4.tar.bz2#7c03c66026944073040cb19a4f3ec3c9
https://conda.anaconda.org/conda-forge/win-64/cfitsio-3.470-h0af3d06_7.tar.bz2#16754fe6c8578cfcbfb97a515248f0ba
https://conda.anaconda.org/conda-forge/win-64/expat-2.4.9-h1537add_0.tar.bz2#90ff13df1e8d6882d0933d81c533eb17
https://conda.anaconda.org/conda-forge/win-64/freeglut-3.2.2-h0e60522_1.tar.bz2#e133a128a76010bd2014de9df32f5bdb
https://conda.anaconda.org/conda-forge/win-64/geos-3.9.1-h39d44d4_2.tar.bz2#e3917eed32c31c341ac9ac4e229f131f
https://conda.anaconda.org/conda-forge/win-64/icu-68.2-h0e60522_0.tar.bz2#294758e73c7762b0780896eba5bcbbbe
https://conda.anaconda.org/conda-forge/win-64/jpeg-9e-h8ffe710_2.tar.bz2#733066523147548ce368a9bd0c8395af
https://conda.anaconda.org/conda-forge/win-64/lerc-4.0.0-h63175ca_0.tar.bz2#1900cb3cab5055833cfddb0ba233b074
https://conda.anaconda.org/conda-forge/win-64/libclang-11.1.0-default_h5c34c98_1.tar.bz2#258e65af4d34033eaa9341b8dd15c7e5
https://conda.anaconda.org/conda-forge/win-64/libdeflate-1.14-hcfcfb64_0.tar.bz2#4366e00d3270eb229c026920474a6dda
https://conda.anaconda.org/conda-forge/win-64/libffi-3.4.2-h8ffe710_5.tar.bz2#2c96d1b6915b408893f9472569dee135
https://conda.anaconda.org/conda-forge/win-64/libiconv-1.17-h8ffe710_0.tar.bz2#050119977a86e4856f0416e2edcf81bb
https://conda.anaconda.org/conda-forge/win-64/libsqlite-3.39.3-hcfcfb64_0.tar.bz2#b545e6653353294527707aff9e456cf2
https://conda.anaconda.org/conda-forge/win-64/libwebp-base-1.2.4-h8ffe710_0.tar.bz2#0a09bd195ebeaff5711ccae93ac132ad
https://conda.anaconda.org/conda-forge/win-64/libzlib-1.2.12-hcfcfb64_3.tar.bz2#8c64696cba59093d5c330c017979ec98
https://conda.anaconda.org/conda-forge/win-64/lz4-c-1.9.3-h8ffe710_1.tar.bz2#d12763533276560a931c1bd3df1adf63
https://conda.anaconda.org/conda-forge/win-64/openssl-1.1.1q-h8ffe710_0.tar.bz2#2ee16f406ee12fe4dcd08b513e9bd0c6
https://conda.anaconda.org/conda-forge/win-64/pcre-8.45-h0e60522_0.tar.bz2#3cd3948bb5de74ebef93b6be6d8cf0d5
https://conda.anaconda.org/conda-forge/win-64/pixman-0.40.0-h8ffe710_0.tar.bz2#32b45d3fcffddc84cc1a014a0b5f0d58
https://conda.anaconda.org/conda-forge/win-64/tbb-2021.6.0-h91493d7_0.tar.bz2#d77a85d975cd7bc00e8514771320e7e2
https://conda.anaconda.org/conda-forge/win-64/tk-8.6.12-h8ffe710_0.tar.bz2#c69a5047cc9291ae40afd4a1ad6f0c0f
https://conda.anaconda.org/conda-forge/win-64/xerces-c-3.2.3-h0e60522_5.tar.bz2#dff33d0397ce2e32c4eeec3ccbad74ad
https://conda.anaconda.org/conda-forge/win-64/xz-5.2.6-h8d14728_0.tar.bz2#515d77642eaa3639413c6b1bc3f94219
https://conda.anaconda.org/conda-forge/win-64/yaml-0.2.5-h8ffe710_2.tar.bz2#adbfb9f45d1004a26763652246a33764
https://conda.anaconda.org/conda-forge/win-64/freexl-1.0.6-h67ca5e6_1.tar.bz2#7ddb6e879c46e78eec37f956b3ffe743
https://conda.anaconda.org/conda-forge/win-64/gettext-0.19.8.1-h5728263_1009.tar.bz2#7f0ab82b5225b4a8450f2cd972dd6322
https://conda.anaconda.org/conda-forge/win-64/hdf4-4.2.15-h0e5069d_4.tar.bz2#48809a595cd74d7bdbfb153a1fc3d8ef
https://conda.anaconda.org/conda-forge/win-64/jasper-2.0.33-h77af90b_0.tar.bz2#e85264670cec2a2262c87b9577771fcc
https://conda.anaconda.org/conda-forge/win-64/krb5-1.19.3-h1176d77_0.tar.bz2#2e0d447ab95d58d3ea1222121ec57f9f
https://conda.anaconda.org/conda-forge/win-64/libpng-1.6.38-h19919ed_0.tar.bz2#90332fb968a69b3cb04c47454dcd7447
https://conda.anaconda.org/conda-forge/win-64/libprotobuf-3.20.1-h12be248_4.tar.bz2#070f1cd4eeaf33efb7bb086249e20ae0
https://conda.anaconda.org/conda-forge/win-64/librttopo-1.1.0-hb340de5_6.tar.bz2#0f8cd7477e6b8bd07bbebccff6971687
https://conda.anaconda.org/conda-forge/win-64/libssh2-1.10.0-h680486a_3.tar.bz2#3b2aa0d4ede640c471bd0e8f122fcbd5
https://conda.anaconda.org/conda-forge/win-64/libxml2-2.10.2-h99b13fb_1.tar.bz2#745014f9ecb4ebeeedb6b9962afbe956
https://conda.anaconda.org/conda-forge/win-64/libzip-1.9.2-hfed4ece_1.tar.bz2#1964ebe1dd5f092b9512aaa41f5f2a8b
https://conda.anaconda.org/conda-forge/win-64/mkl-2022.1.0-h6a75c08_874.tar.bz2#2ff89a7337a9636029b4db9466e9f8e3
https://conda.anaconda.org/conda-forge/win-64/pcre2-10.37-hdfff0fc_1.tar.bz2#7c1c9ad6400f76a80eeadb6d5d9224fe
https://conda.anaconda.org/conda-forge/win-64/sqlite-3.39.3-hcfcfb64_0.tar.bz2#bac5b716687d389aee9b6de839aa62bf
https://conda.anaconda.org/conda-forge/win-64/zlib-1.2.12-hcfcfb64_3.tar.bz2#ed1d293a0f0d1e0b9030f41050e76a2f
https://conda.anaconda.org/conda-forge/win-64/zstd-1.5.2-h7755175_4.tar.bz2#13acb3626fcc8c0577249f3a7b6129f4
https://conda.anaconda.org/conda-forge/win-64/boost-cpp-1.74.0-h9f4b32c_8.tar.bz2#44f135fe326c0f8bac7a82a320b6e3a7
https://conda.anaconda.org/conda-forge/win-64/freetype-2.12.1-h546665d_0.tar.bz2#8bfa20ad87170f94e856133bafa5f5cf
https://conda.anaconda.org/conda-forge/win-64/libblas-3.9.0-16_win64_mkl.tar.bz2#d2e6f4e86cee2b4e8c27ff6884ccdc61
https://conda.anaconda.org/conda-forge/win-64/libcurl-7.83.1-h789b8ee_0.tar.bz2#b70caa5b0251f09a47eeae9f8fc0f5b2
https://conda.anaconda.org/conda-forge/win-64/libglib-2.74.0-h79619a9_0.tar.bz2#82c897a7b8c74ec632aaa7edff5ce525
https://conda.anaconda.org/conda-forge/win-64/libpq-13.5-hfcc5ef8_1.tar.bz2#f8a91c35983555a336866362429341c3
https://conda.anaconda.org/conda-forge/win-64/libtiff-4.4.0-h8e97e67_4.tar.bz2#3ef0d0259b2d742e8c6a07598614a5d6
https://conda.anaconda.org/conda-forge/win-64/python-3.9.13-h9a09f29_0_cpython.tar.bz2#37804c90e761e13ba0d09ddc239f6de6
https://conda.anaconda.org/conda-forge/win-64/qt-5.12.9-h5909a2a_4.tar.bz2#2c9a8da7b543a9a8a6fdab785575d79d
https://conda.anaconda.org/conda-forge/win-64/tiledb-2.3.4-h78dabda_0.tar.bz2#7d996e08c5ca6628b40e922e4ccc7a9c
https://conda.anaconda.org/conda-forge/noarch/affine-2.3.1-pyhd8ed1ab_0.tar.bz2#466dc5c1b75c93180efbd81d99dc29b0
https://conda.anaconda.org/conda-forge/noarch/asciitree-0.3.3-py_2.tar.bz2#c0481c9de49f040272556e2cedf42816
https://conda.anaconda.org/conda-forge/noarch/attrs-22.1.0-pyh71513ae_1.tar.bz2#6d3ccbc56256204925bfa8378722792f
https://conda.anaconda.org/conda-forge/noarch/certifi-2022.9.24-pyhd8ed1ab_0.tar.bz2#f66309b099374af91369e67e84af397d
https://conda.anaconda.org/conda-forge/noarch/colorama-0.4.5-pyhd8ed1ab_0.tar.bz2#c267da48ce208905d7d976d49dfd9433
https://conda.anaconda.org/conda-forge/win-64/curl-7.83.1-h789b8ee_0.tar.bz2#21321b6738d077e54fadfce08a41f5c7
https://conda.anaconda.org/conda-forge/noarch/entrypoints-0.4-pyhd8ed1ab_0.tar.bz2#3cf04868fee0a029769bd41f4b2fbf2d
https://conda.anaconda.org/conda-forge/noarch/fasteners-0.17.3-pyhd8ed1ab_0.tar.bz2#348e27e78a5e39090031448c72f66d5e
https://conda.anaconda.org/conda-forge/win-64/fontconfig-2.14.0-h720f74d_1.tar.bz2#0dba4ce7ac6de53f2a4e620a7ffa2b95
https://conda.anaconda.org/conda-forge/win-64/hdf5-1.12.1-nompi_h2a0e4a3_104.tar.bz2#709e87acdf50633bd823c4467a9b50a1
https://conda.anaconda.org/conda-forge/noarch/itsdangerous-2.1.2-pyhd8ed1ab_0.tar.bz2#3c3de74912f11d2b590184f03c7cd09b
https://conda.anaconda.org/conda-forge/win-64/lcms2-2.12-h2a16943_0.tar.bz2#fee639c27301c4165b4d1f7e442de8a5
https://conda.anaconda.org/conda-forge/win-64/libcblas-3.9.0-16_win64_mkl.tar.bz2#14c2fb03b2bb14dfa3806186ca91d557
https://conda.anaconda.org/conda-forge/win-64/libkml-1.3.0-h9859afa_1014.tar.bz2#db1f77738473f157772146f003298cf7
https://conda.anaconda.org/conda-forge/win-64/liblapack-3.9.0-16_win64_mkl.tar.bz2#be2f9d5712a5bb05cd900005ee752a05
https://conda.anaconda.org/conda-forge/win-64/openjpeg-2.5.0-hc9384bd_1.tar.bz2#a6834096f8d834339eca7ef4d23bcc44
https://conda.anaconda.org/conda-forge/win-64/postgresql-13.5-h1c22c4f_1.tar.bz2#0528214e21d40da67f237e5a2b054a85
https://conda.anaconda.org/conda-forge/win-64/proj-8.1.1-h1cfcee9_2.tar.bz2#9fbf47b85bde736bd29734f09251eba1
https://conda.anaconda.org/conda-forge/noarch/pyparsing-3.0.9-pyhd8ed1ab_0.tar.bz2#e8fbc1b54b25f4b08281467bc13b70cc
https://conda.anaconda.org/conda-forge/win-64/python_abi-3.9-2_cp39.tar.bz2#757068981fb2f97d0cadbba9ae6ae191
https://conda.anaconda.org/conda-forge/noarch/pytz-2022.2.1-pyhd8ed1ab_0.tar.bz2#974bca71d00364630f63f31fa7e059cb
https://conda.anaconda.org/conda-forge/noarch/six-1.16.0-pyh6c4a22f_0.tar.bz2#e5f25f8dbc060e9a8d912e432202afc2
https://conda.anaconda.org/conda-forge/noarch/tenacity-8.1.0-pyhd8ed1ab_0.tar.bz2#97e6f26dd5b93c9f5e6142e16ee3af62
https://conda.anaconda.org/conda-forge/noarch/typing_extensions-4.3.0-pyha770c72_0.tar.bz2#a9d85960bc62d53cc4ea0d1d27f73c98
https://conda.anaconda.org/conda-forge/noarch/werkzeug-2.0.3-pyhd8ed1ab_1.tar.bz2#369e03b5f96efd7942c7bc9571d6ff9c
https://conda.anaconda.org/conda-forge/noarch/wheel-0.37.1-pyhd8ed1ab_0.tar.bz2#1ca02aaf78d9c70d9a81a3bed5752022
https://conda.anaconda.org/conda-forge/noarch/zipp-3.8.1-pyhd8ed1ab_0.tar.bz2#a3508a0c850745b875de88aea4c40cc5
https://conda.anaconda.org/conda-forge/win-64/brotli-python-1.0.9-py39h415ef7b_7.tar.bz2#13023a9e94367942924d8ac972830ebb
https://conda.anaconda.org/conda-forge/win-64/cairo-1.16.0-hb19e0ff_1008.tar.bz2#bfdfe24fd9276c9e9e2a478914767ca0
https://conda.anaconda.org/conda-forge/win-64/click-8.1.3-py39hcbf5309_0.tar.bz2#da76bc626dfbeb0bebbbce385d003d64
https://conda.anaconda.org/conda-forge/win-64/geotiff-1.7.0-h350af67_3.tar.bz2#5010c55d6c875b661ce0cd7bb2a337a1
https://conda.anaconda.org/conda-forge/win-64/importlib-metadata-4.11.4-py39hcbf5309_0.tar.bz2#299cad452ed23d1ddc29bd877f0135ba
https://conda.anaconda.org/conda-forge/win-64/kealib-1.4.15-h8995ca9_0.tar.bz2#9c75fd4e0b10d34b3497386a8058421a
https://conda.anaconda.org/conda-forge/win-64/liblapacke-3.9.0-16_win64_mkl.tar.bz2#983e827b7c9562075c2e74d596d056c1
https://conda.anaconda.org/conda-forge/win-64/libnetcdf-4.8.1-nompi_h1cc8e9d_102.tar.bz2#0483300d168b92181d9e5d1a5ecea46a
https://conda.anaconda.org/conda-forge/win-64/libspatialite-5.0.1-h6a90f17_9.tar.bz2#bb403568b66af10133f8a08409f44462
https://conda.anaconda.org/conda-forge/win-64/markupsafe-2.1.1-py39hb82d6ee_1.tar.bz2#119fcbf11662ac0b8b4d4fcfa52e49e2
https://conda.anaconda.org/conda-forge/win-64/msgpack-python-1.0.4-py39h2e07f2f_0.tar.bz2#f6d772388b96a68d507cfa47c18b8100
https://conda.anaconda.org/conda-forge/win-64/numpy-1.23.3-py39h9061af7_0.tar.bz2#64cfaa25c8cc5e40510d00d09491e529
https://conda.anaconda.org/conda-forge/noarch/packaging-21.3-pyhd8ed1ab_0.tar.bz2#71f1ab2de48613876becddd496371c85
https://conda.anaconda.org/conda-forge/noarch/plotly-5.10.0-pyhd8ed1ab_0.tar.bz2#e95502aa0f8e3db05d198214472575de
https://conda.anaconda.org/conda-forge/win-64/psycopg2-2.9.2-py39h0878f49_0.tar.bz2#d0b02ec5b6b3650646c0319a805c784c
https://conda.anaconda.org/conda-forge/noarch/python-dateutil-2.8.2-pyhd8ed1ab_0.tar.bz2#dd999d1cc9f79e67dbb855c8924c7984
https://conda.anaconda.org/conda-forge/win-64/pyyaml-6.0-py39hb82d6ee_4.tar.bz2#09b598ab49bb572ba3d41ea52b0c1775
https://conda.anaconda.org/conda-forge/win-64/setuptools-59.8.0-py39hcbf5309_1.tar.bz2#47c36361b12024db7cbd86e28435bc3c
https://conda.anaconda.org/conda-forge/noarch/typing-extensions-4.3.0-hd8ed1ab_0.tar.bz2#f3e98e944832fb271a0dbda7b7771dc6
https://conda.anaconda.org/conda-forge/win-64/cftime-1.6.2-py39hc266a54_0.tar.bz2#d10c583a287b8a79e069264b2fc934c2
https://conda.anaconda.org/conda-forge/noarch/click-plugins-1.1.1-py_0.tar.bz2#4fd2c6b53934bd7d96d1f3fdaf99b79f
https://conda.anaconda.org/conda-forge/noarch/cligj-0.7.2-pyhd8ed1ab_1.tar.bz2#a29b7c141d6b2de4bb67788a5f107734
https://conda.anaconda.org/conda-forge/noarch/jinja2-3.1.2-pyhd8ed1ab_1.tar.bz2#c8490ed5c70966d232fdd389d0dbed37
https://conda.anaconda.org/conda-forge/win-64/libopencv-4.5.5-py39h1d41392_10.tar.bz2#75a3b123fa038c0b4201f1dcffbc319a
https://conda.anaconda.org/conda-forge/win-64/numcodecs-0.10.2-py39h415ef7b_0.tar.bz2#53e2c75d8450cd3483325d731cd4736e
https://conda.anaconda.org/conda-forge/win-64/pandas-1.3.5-py39h2e25243_0.tar.bz2#5eeed494679a07b25c19621066634aba
https://conda.anaconda.org/conda-forge/noarch/pip-22.2.2-pyhd8ed1ab_0.tar.bz2#0b43abe4d3ee93e82742d37def53a836
https://conda.anaconda.org/conda-forge/win-64/poppler-21.09.0-h24fffdf_3.tar.bz2#676b697dc8a1d22b989909a0f95bda77
https://conda.anaconda.org/conda-forge/win-64/protobuf-3.20.1-py39hcbf5309_0.tar.bz2#09c82866c082e264c3f9c55d8c15dc4d
https://conda.anaconda.org/conda-forge/win-64/shapely-1.7.1-py39haadaec5_5.tar.bz2#b32943304ea0924be113ca61e815f07d
https://conda.anaconda.org/conda-forge/noarch/snuggs-1.4.7-py_0.tar.bz2#cb83a3d6ecf73f50117635192414426a
https://conda.anaconda.org/conda-forge/noarch/flask-2.1.3-pyhd8ed1ab_0.tar.bz2#4b95b1c750d6d737905cdb447f097b9c
https://conda.anaconda.org/conda-forge/noarch/geobuf-1.1.1-pyh9f0ad1d_0.tar.bz2#8e12e8f59e69f137b4e71d59d3c84fdb
https://conda.anaconda.org/conda-forge/win-64/libgdal-3.3.3-h08edb8f_0.tar.bz2#da5afb6c3aa999644b1dc2b803682f7f
https://conda.anaconda.org/conda-forge/win-64/py-opencv-4.5.5-py39h832f523_10.tar.bz2#3b9ec1f5120d7eb0bc43fe9512c47751
https://conda.anaconda.org/conda-forge/noarch/xarray-2022.9.0-pyhd8ed1ab_0.tar.bz2#e841ab2f40fb319e6740130227904cbf
https://conda.anaconda.org/conda-forge/noarch/zarr-2.13.2-pyhd8ed1ab_1.tar.bz2#59cf72594470af2b29259966bae73c10
https://conda.anaconda.org/conda-forge/noarch/flask-compress-1.13-pyhd8ed1ab_0.tar.bz2#19a84270d30c5a0dd10780e3d510e33d
https://conda.anaconda.org/conda-forge/win-64/opencv-4.5.5-py39hcbf5309_10.tar.bz2#47b11624fe9df79313cf0c4c75f0d48a
https://conda.anaconda.org/conda-forge/win-64/rasterio-1.2.10-py39h20dd13d_0.tar.bz2#5ea400cc54314bdfb69fbf5c58825783
https://conda.anaconda.org/conda-forge/noarch/dash-2.3.1-pyhd8ed1ab_0.tar.bz2#04ed661c89c3f175967a3ec63bf17cf9
https://conda.anaconda.org/conda-forge/noarch/dash-bootstrap-components-1.2.1-pyhd8ed1ab_0.tar.bz2#e10b0d9a3e034c3010c5a4d4a746b9ec
https://conda.anaconda.org/conda-forge/noarch/dash-leaflet-0.1.23-pyhd8ed1ab_0.tar.bz2#e2b8a722cbd53064e931e7aa5ef30cc2
