# Generated by conda-lock.
# platform: win-64
# input_hash: 30a17a02713712c1562ccbdb4a5613ed4c1b5865a64ccdff093d9906e3f0f499
@EXPLICIT
https://conda.anaconda.org/conda-forge/win-64/ca-certificates-2022.9.24-h5b45459_0.tar.bz2#5fba0abc60bf327a4bc4188cd64678be
https://conda.anaconda.org/conda-forge/noarch/font-ttf-dejavu-sans-mono-2.37-hab24e00_0.tar.bz2#0c96522c6bdaed4b1566d11387caaf45
https://conda.anaconda.org/conda-forge/noarch/font-ttf-inconsolata-3.000-h77eed37_0.tar.bz2#34893075a5c9e55cdafac56607368fc6
https://conda.anaconda.org/conda-forge/noarch/font-ttf-source-code-pro-2.038-h77eed37_0.tar.bz2#4d59c254e01d9cde7957100457e2d5fb
https://conda.anaconda.org/conda-forge/noarch/font-ttf-ubuntu-0.83-hab24e00_0.tar.bz2#19410c3df09dfb12d1206132a1d357c5
https://conda.anaconda.org/conda-forge/win-64/intel-openmp-2022.1.0-h57928b3_3787.tar.bz2#35dff2b6e944ce136a574c4c006cec28
https://conda.anaconda.org/conda-forge/noarch/poppler-data-0.4.11-hd8ed1ab_0.tar.bz2#abc27381c4f005da588cffa1f76403ee
https://conda.anaconda.org/conda-forge/noarch/tzdata-2022d-h191b570_0.tar.bz2#456b5b1d99e7a9654b331bcd82e71042
https://conda.anaconda.org/conda-forge/win-64/ucrt-10.0.20348.0-h57928b3_0.tar.bz2#6d666b6ea8251231ff508062d1e41f9c
https://conda.anaconda.org/conda-forge/noarch/fonts-conda-forge-1-0.tar.bz2#f766549260d6815b0c52253f1fb1bb29
https://conda.anaconda.org/conda-forge/win-64/vs2015_runtime-14.29.30139-h890b9b1_8.tar.bz2#9e63633f326540206b936c49903bbf14
https://conda.anaconda.org/conda-forge/noarch/fonts-conda-ecosystem-1-0.tar.bz2#fee5683a3f04bd15cbd8318b096a27ab
https://conda.anaconda.org/conda-forge/win-64/vc-14.2-hac3ee0b_8.tar.bz2#ce078d958092d19b908955b5ef0cdc0b
https://conda.anaconda.org/conda-forge/win-64/aom-3.5.0-h63175ca_0.tar.bz2#455524d2bf9625a42a1848c0d08ac063
https://conda.anaconda.org/conda-forge/win-64/bzip2-1.0.8-h8ffe710_4.tar.bz2#7c03c66026944073040cb19a4f3ec3c9
https://conda.anaconda.org/conda-forge/win-64/expat-2.4.9-h1537add_0.tar.bz2#90ff13df1e8d6882d0933d81c533eb17
https://conda.anaconda.org/conda-forge/win-64/freeglut-3.2.2-h0e60522_1.tar.bz2#e133a128a76010bd2014de9df32f5bdb
https://conda.anaconda.org/conda-forge/win-64/geos-3.11.0-h39d44d4_0.tar.bz2#87da446bebdf92030df5593c18530ae2
https://conda.anaconda.org/conda-forge/win-64/icu-70.1-h0e60522_0.tar.bz2#64073396a905b6df895ab2489fae3847
https://conda.anaconda.org/conda-forge/win-64/jpeg-9e-h8ffe710_2.tar.bz2#733066523147548ce368a9bd0c8395af
https://conda.anaconda.org/conda-forge/win-64/lerc-4.0.0-h63175ca_0.tar.bz2#1900cb3cab5055833cfddb0ba233b074
https://conda.anaconda.org/conda-forge/win-64/libdeflate-1.14-hcfcfb64_0.tar.bz2#4366e00d3270eb229c026920474a6dda
https://conda.anaconda.org/conda-forge/win-64/libffi-3.4.2-h8ffe710_5.tar.bz2#2c96d1b6915b408893f9472569dee135
https://conda.anaconda.org/conda-forge/win-64/libiconv-1.17-h8ffe710_0.tar.bz2#050119977a86e4856f0416e2edcf81bb
https://conda.anaconda.org/conda-forge/win-64/libogg-1.3.4-h8ffe710_1.tar.bz2#04286d905a0dcb7f7d4a12bdfe02516d
https://conda.anaconda.org/conda-forge/win-64/libsqlite-3.39.4-hcfcfb64_0.tar.bz2#9484be835acbd4ec7920ba013a0cc5bf
https://conda.anaconda.org/conda-forge/win-64/libwebp-base-1.2.4-h8ffe710_0.tar.bz2#0a09bd195ebeaff5711ccae93ac132ad
https://conda.anaconda.org/conda-forge/win-64/libzlib-1.2.12-hcfcfb64_4.tar.bz2#67ab46f21b312d45664f7713c8aff49d
https://conda.anaconda.org/conda-forge/win-64/lz4-c-1.9.3-h8ffe710_1.tar.bz2#d12763533276560a931c1bd3df1adf63
https://conda.anaconda.org/conda-forge/win-64/openh264-2.3.1-h63175ca_1.tar.bz2#b95f3eb3e603042e378c05b22c415109
https://conda.anaconda.org/conda-forge/win-64/openssl-1.1.1q-h8ffe710_0.tar.bz2#2ee16f406ee12fe4dcd08b513e9bd0c6
https://conda.anaconda.org/conda-forge/win-64/pcre-8.45-h0e60522_0.tar.bz2#3cd3948bb5de74ebef93b6be6d8cf0d5
https://conda.anaconda.org/conda-forge/win-64/pixman-0.40.0-h8ffe710_0.tar.bz2#32b45d3fcffddc84cc1a014a0b5f0d58
https://conda.anaconda.org/conda-forge/win-64/snappy-1.1.9-h82413e6_1.tar.bz2#47f94fe8037a17cc8c132c8da97f91f7
https://conda.anaconda.org/conda-forge/win-64/svt-av1-1.2.1-h0e60522_0.tar.bz2#e0508032cbc6537ecf202a03439300e4
https://conda.anaconda.org/conda-forge/win-64/tbb-2021.6.0-h91493d7_0.tar.bz2#d77a85d975cd7bc00e8514771320e7e2
https://conda.anaconda.org/conda-forge/win-64/tk-8.6.12-h8ffe710_0.tar.bz2#c69a5047cc9291ae40afd4a1ad6f0c0f
https://conda.anaconda.org/conda-forge/win-64/x264-1!164.3095-h8ffe710_2.tar.bz2#19e39905184459760ccb8cf5c75f148b
https://conda.anaconda.org/conda-forge/win-64/x265-3.5-h2d74725_3.tar.bz2#ca7129a334198f08347fb19ac98a2de9
https://conda.anaconda.org/conda-forge/win-64/xerces-c-3.2.3-h0e60522_5.tar.bz2#dff33d0397ce2e32c4eeec3ccbad74ad
https://conda.anaconda.org/conda-forge/win-64/xz-5.2.6-h8d14728_0.tar.bz2#515d77642eaa3639413c6b1bc3f94219
https://conda.anaconda.org/conda-forge/win-64/yaml-0.2.5-h8ffe710_2.tar.bz2#adbfb9f45d1004a26763652246a33764
https://conda.anaconda.org/conda-forge/win-64/freexl-1.0.6-h67ca5e6_1.tar.bz2#7ddb6e879c46e78eec37f956b3ffe743
https://conda.anaconda.org/conda-forge/win-64/gettext-0.19.8.1-h5728263_1009.tar.bz2#7f0ab82b5225b4a8450f2cd972dd6322
https://conda.anaconda.org/conda-forge/win-64/hdf4-4.2.15-h0e5069d_4.tar.bz2#48809a595cd74d7bdbfb153a1fc3d8ef
https://conda.anaconda.org/conda-forge/win-64/jasper-2.0.33-h77af90b_0.tar.bz2#e85264670cec2a2262c87b9577771fcc
https://conda.anaconda.org/conda-forge/win-64/krb5-1.19.3-h1176d77_0.tar.bz2#2e0d447ab95d58d3ea1222121ec57f9f
https://conda.anaconda.org/conda-forge/win-64/libclang13-14.0.6-default_h77d9078_0.tar.bz2#4d9ea47241ea0851081dfe223c76e3b3
https://conda.anaconda.org/conda-forge/win-64/libpng-1.6.38-h19919ed_0.tar.bz2#90332fb968a69b3cb04c47454dcd7447
https://conda.anaconda.org/conda-forge/win-64/libprotobuf-3.21.7-h12be248_0.tar.bz2#f276ac2b6736e3baa9741a406f7e222a
https://conda.anaconda.org/conda-forge/win-64/librttopo-1.1.0-h2842628_11.tar.bz2#ae13271b8053b68bd007101ac9776ac6
https://conda.anaconda.org/conda-forge/win-64/libssh2-1.10.0-h680486a_3.tar.bz2#3b2aa0d4ede640c471bd0e8f122fcbd5
https://conda.anaconda.org/conda-forge/win-64/libvorbis-1.3.7-h0e60522_0.tar.bz2#e1a22282de0169c93e4ffe6ce6acc212
https://conda.anaconda.org/conda-forge/win-64/libxml2-2.9.14-hf5bbc77_4.tar.bz2#36313fe1cca6560e2c06e5ad3c86e342
https://conda.anaconda.org/conda-forge/win-64/libzip-1.9.2-hfed4ece_1.tar.bz2#1964ebe1dd5f092b9512aaa41f5f2a8b
https://conda.anaconda.org/conda-forge/win-64/mkl-2022.1.0-h6a75c08_874.tar.bz2#2ff89a7337a9636029b4db9466e9f8e3
https://conda.anaconda.org/conda-forge/win-64/pcre2-10.37-hdfff0fc_1.tar.bz2#7c1c9ad6400f76a80eeadb6d5d9224fe
https://conda.anaconda.org/conda-forge/win-64/sqlite-3.39.4-hcfcfb64_0.tar.bz2#780e5daa2897f989f46bc73f0e43fa62
https://conda.anaconda.org/conda-forge/win-64/zlib-1.2.12-hcfcfb64_4.tar.bz2#a88fca2a00b5aa97bfafef5feb253aba
https://conda.anaconda.org/conda-forge/win-64/zstd-1.5.2-h7755175_4.tar.bz2#13acb3626fcc8c0577249f3a7b6129f4
https://conda.anaconda.org/conda-forge/win-64/blosc-1.21.1-h74325e0_3.tar.bz2#90e1e39de7864e0e48654c0beb83e170
https://conda.anaconda.org/conda-forge/win-64/boost-cpp-1.78.0-h9f4b32c_1.tar.bz2#11a4273e974d63a99da36b89d6f918a9
https://conda.anaconda.org/conda-forge/win-64/freetype-2.12.1-h546665d_0.tar.bz2#8bfa20ad87170f94e856133bafa5f5cf
https://conda.anaconda.org/conda-forge/win-64/libblas-3.9.0-16_win64_mkl.tar.bz2#d2e6f4e86cee2b4e8c27ff6884ccdc61
https://conda.anaconda.org/conda-forge/win-64/libclang-14.0.6-default_h77d9078_0.tar.bz2#39e84500879d1638f1cdca7a289bcf41
https://conda.anaconda.org/conda-forge/win-64/libcurl-7.85.0-heaf79c2_0.tar.bz2#5754099767a51dc90b63e517d425418d
https://conda.anaconda.org/conda-forge/win-64/libglib-2.74.0-h79619a9_0.tar.bz2#82c897a7b8c74ec632aaa7edff5ce525
https://conda.anaconda.org/conda-forge/win-64/libpq-14.5-hfcc5ef8_0.tar.bz2#076e0b7f343ef5216067ac14ea71e6d1
https://conda.anaconda.org/conda-forge/win-64/libtiff-4.4.0-h8e97e67_4.tar.bz2#3ef0d0259b2d742e8c6a07598614a5d6
https://conda.anaconda.org/conda-forge/win-64/python-3.9.13-h9a09f29_0_cpython.tar.bz2#37804c90e761e13ba0d09ddc239f6de6
https://conda.anaconda.org/conda-forge/noarch/affine-2.3.1-pyhd8ed1ab_0.tar.bz2#466dc5c1b75c93180efbd81d99dc29b0
https://conda.anaconda.org/conda-forge/noarch/appdirs-1.4.4-pyh9f0ad1d_0.tar.bz2#5f095bc6454094e96f146491fd03633b
https://conda.anaconda.org/conda-forge/noarch/asciitree-0.3.3-py_2.tar.bz2#c0481c9de49f040272556e2cedf42816
https://conda.anaconda.org/conda-forge/noarch/attrs-22.1.0-pyh71513ae_1.tar.bz2#6d3ccbc56256204925bfa8378722792f
https://conda.anaconda.org/conda-forge/noarch/cachy-0.3.0-pyhd8ed1ab_1.tar.bz2#5dfee17f24e2dfd18d7392b48c9351e2
https://conda.anaconda.org/conda-forge/noarch/certifi-2022.9.24-pyhd8ed1ab_0.tar.bz2#f66309b099374af91369e67e84af397d
https://conda.anaconda.org/conda-forge/win-64/cfitsio-4.1.0-h5a969a9_0.tar.bz2#df455e759b8bd9cb9beccd47306b55e7
https://conda.anaconda.org/conda-forge/noarch/charset-normalizer-2.1.1-pyhd8ed1ab_0.tar.bz2#c1d5b294fbf9a795dec349a6f4d8be8e
https://conda.anaconda.org/conda-forge/noarch/colorama-0.4.5-pyhd8ed1ab_0.tar.bz2#c267da48ce208905d7d976d49dfd9433
https://conda.anaconda.org/conda-forge/noarch/crashtest-0.3.1-pyhd8ed1ab_0.tar.bz2#b8477552274c1cfdb533e954c76523f1
https://conda.anaconda.org/conda-forge/win-64/curl-7.85.0-heaf79c2_0.tar.bz2#751e88225bef474055d9af6853cc72df
https://conda.anaconda.org/conda-forge/noarch/distlib-0.3.5-pyhd8ed1ab_0.tar.bz2#f15c3912378a07726093cc94d1e13251
https://conda.anaconda.org/conda-forge/noarch/entrypoints-0.4-pyhd8ed1ab_0.tar.bz2#3cf04868fee0a029769bd41f4b2fbf2d
https://conda.anaconda.org/conda-forge/noarch/fasteners-0.17.3-pyhd8ed1ab_0.tar.bz2#348e27e78a5e39090031448c72f66d5e
https://conda.anaconda.org/conda-forge/noarch/filelock-3.8.0-pyhd8ed1ab_0.tar.bz2#10f0218dbd493ab2e5dc6759ddea4526
https://conda.anaconda.org/conda-forge/win-64/fontconfig-2.14.0-h720f74d_1.tar.bz2#0dba4ce7ac6de53f2a4e620a7ffa2b95
https://conda.anaconda.org/conda-forge/win-64/glib-tools-2.74.0-h12be248_0.tar.bz2#a33fb98b9a64c036c8a49be1571aa154
https://conda.anaconda.org/conda-forge/win-64/hdf5-1.12.2-nompi_h2a0e4a3_100.tar.bz2#b921e8e43d7e32e2d189dd06b866c896
https://conda.anaconda.org/conda-forge/noarch/idna-3.4-pyhd8ed1ab_0.tar.bz2#34272b248891bddccc64479f9a7fffed
https://conda.anaconda.org/conda-forge/noarch/iniconfig-1.1.1-pyh9f0ad1d_0.tar.bz2#39161f81cc5e5ca45b8226fbb06c6905
https://conda.anaconda.org/conda-forge/noarch/itsdangerous-2.1.2-pyhd8ed1ab_0.tar.bz2#3c3de74912f11d2b590184f03c7cd09b
https://conda.anaconda.org/conda-forge/win-64/lcms2-2.12-h2a16943_0.tar.bz2#fee639c27301c4165b4d1f7e442de8a5
https://conda.anaconda.org/conda-forge/win-64/libcblas-3.9.0-16_win64_mkl.tar.bz2#14c2fb03b2bb14dfa3806186ca91d557
https://conda.anaconda.org/conda-forge/win-64/libkml-1.3.0-hf2ab4e4_1015.tar.bz2#1f50b25e87cefda820cb71fb643bc021
https://conda.anaconda.org/conda-forge/win-64/liblapack-3.9.0-16_win64_mkl.tar.bz2#be2f9d5712a5bb05cd900005ee752a05
https://conda.anaconda.org/conda-forge/noarch/lockfile-0.12.2-py_1.tar.bz2#c104d98e09c47519950cffb8dd5b4f10
https://conda.anaconda.org/conda-forge/noarch/more-itertools-8.14.0-pyhd8ed1ab_0.tar.bz2#f6dfba59b0021f654e55c226634f39d4
https://conda.anaconda.org/conda-forge/win-64/openjpeg-2.5.0-hc9384bd_1.tar.bz2#a6834096f8d834339eca7ef4d23bcc44
https://conda.anaconda.org/conda-forge/noarch/pastel-0.2.1-pyhd8ed1ab_0.tar.bz2#a4eea5bff523f26442405bc5d1f52adb
https://conda.anaconda.org/conda-forge/noarch/pkginfo-1.8.3-pyhd8ed1ab_0.tar.bz2#0f2d0da112ff6fd76cc3ce038d72d2c9
https://conda.anaconda.org/conda-forge/noarch/platformdirs-2.5.2-pyhd8ed1ab_1.tar.bz2#2fb3f88922e7aec26ba652fcdfe13950
https://conda.anaconda.org/conda-forge/win-64/postgresql-14.5-h1c22c4f_0.tar.bz2#9fda17910e9c7d292e332710d2e439d9
https://conda.anaconda.org/conda-forge/win-64/proj-9.0.1-h1cfcee9_1.tar.bz2#8d5957a9aea274e5698a47c12fa73004
https://conda.anaconda.org/conda-forge/noarch/ptyprocess-0.7.0-pyhd3deb0d_0.tar.bz2#359eeb6536da0e687af562ed265ec263
https://conda.anaconda.org/conda-forge/noarch/py-1.11.0-pyh6c4a22f_0.tar.bz2#b4613d7e7a493916d867842a6a148054
https://conda.anaconda.org/conda-forge/noarch/pycparser-2.21-pyhd8ed1ab_0.tar.bz2#076becd9e05608f8dc72757d5f3a91ff
https://conda.anaconda.org/conda-forge/noarch/pylev-1.4.0-pyhd8ed1ab_0.tar.bz2#edf8651c4379d9d1495ad6229622d150
https://conda.anaconda.org/conda-forge/noarch/pyparsing-3.0.9-pyhd8ed1ab_0.tar.bz2#e8fbc1b54b25f4b08281467bc13b70cc
https://conda.anaconda.org/conda-forge/win-64/python_abi-3.9-2_cp39.tar.bz2#757068981fb2f97d0cadbba9ae6ae191
https://conda.anaconda.org/conda-forge/noarch/pytz-2022.4-pyhd8ed1ab_0.tar.bz2#fc0dcaf9761d042fb8ac9128ce03fddb
https://conda.anaconda.org/conda-forge/win-64/qt-5.12.9-h5909a2a_4.tar.bz2#2c9a8da7b543a9a8a6fdab785575d79d
https://conda.anaconda.org/conda-forge/noarch/shellingham-1.5.0-pyhd8ed1ab_0.tar.bz2#65bacdee3cac51e49f45d530bbd5e90f
https://conda.anaconda.org/conda-forge/noarch/six-1.16.0-pyh6c4a22f_0.tar.bz2#e5f25f8dbc060e9a8d912e432202afc2
https://conda.anaconda.org/conda-forge/noarch/tenacity-8.1.0-pyhd8ed1ab_0.tar.bz2#97e6f26dd5b93c9f5e6142e16ee3af62
https://conda.anaconda.org/conda-forge/noarch/toml-0.10.2-pyhd8ed1ab_0.tar.bz2#f832c45a477c78bebd107098db465095
https://conda.anaconda.org/conda-forge/noarch/tomli-2.0.1-pyhd8ed1ab_0.tar.bz2#5844808ffab9ebdb694585b50ba02a96
https://conda.anaconda.org/conda-forge/noarch/typing-3.10.0.0-pyhd8ed1ab_0.tar.bz2#e6573ac68718f17b9d4f5c8eda3190f2
https://conda.anaconda.org/conda-forge/noarch/typing_extensions-4.4.0-pyha770c72_0.tar.bz2#2d93b130d148d7fc77e583677792fc6a
https://conda.anaconda.org/conda-forge/noarch/webencodings-0.5.1-py_1.tar.bz2#3563be4c5611a44210d9ba0c16113136
https://conda.anaconda.org/conda-forge/noarch/werkzeug-2.0.3-pyhd8ed1ab_1.tar.bz2#369e03b5f96efd7942c7bc9571d6ff9c
https://conda.anaconda.org/conda-forge/noarch/wheel-0.37.1-pyhd8ed1ab_0.tar.bz2#1ca02aaf78d9c70d9a81a3bed5752022
https://conda.anaconda.org/conda-forge/noarch/zipp-3.8.1-pyhd8ed1ab_0.tar.bz2#a3508a0c850745b875de88aea4c40cc5
https://conda.anaconda.org/conda-forge/win-64/brotli-python-1.0.9-py39h415ef7b_7.tar.bz2#13023a9e94367942924d8ac972830ebb
https://conda.anaconda.org/conda-forge/win-64/cairo-1.16.0-hd694305_1014.tar.bz2#91f08ed9ff25a969ddd06237454dae0d
https://conda.anaconda.org/conda-forge/win-64/cffi-1.15.1-py39h0878f49_0.tar.bz2#675f9c83aa08e84c35da318c5164e27b
https://conda.anaconda.org/conda-forge/win-64/click-8.1.3-py39hcbf5309_0.tar.bz2#da76bc626dfbeb0bebbbce385d003d64
https://conda.anaconda.org/conda-forge/noarch/clikit-0.6.2-pyh9f0ad1d_0.tar.bz2#159273f717a11e53b2656f8b6521a5e2
https://conda.anaconda.org/conda-forge/win-64/ffmpeg-4.4.2-gpl_h952562b_108.tar.bz2#aa2f32c9759167aa71a62ee33bf663d8
https://conda.anaconda.org/conda-forge/win-64/geotiff-1.7.1-h714bc5f_3.tar.bz2#50da68ed1883cbff36c7ee003a9a5c4d
https://conda.anaconda.org/conda-forge/win-64/glib-2.74.0-h12be248_0.tar.bz2#6b9bb375d5bd64420e9ac1af5cb6d569
https://conda.anaconda.org/conda-forge/noarch/html5lib-1.1-pyh9f0ad1d_0.tar.bz2#b2355343d6315c892543200231d7154a
https://conda.anaconda.org/conda-forge/win-64/importlib-metadata-4.11.4-py39hcbf5309_0.tar.bz2#299cad452ed23d1ddc29bd877f0135ba
https://conda.anaconda.org/conda-forge/noarch/jaraco.classes-3.2.2-pyhd8ed1ab_0.tar.bz2#6e2ef6e4a000db889c124f3927c24f7c
https://conda.anaconda.org/conda-forge/win-64/kealib-1.4.15-hdf81f3a_1.tar.bz2#8af922f4e73960925b80852c806879ef
https://conda.anaconda.org/conda-forge/win-64/liblapacke-3.9.0-16_win64_mkl.tar.bz2#983e827b7c9562075c2e74d596d056c1
https://conda.anaconda.org/conda-forge/win-64/libnetcdf-4.8.1-nompi_h85765be_104.tar.bz2#4172eca8e636ef0d74c562f74bc4f334
https://conda.anaconda.org/conda-forge/win-64/libspatialite-5.0.1-ha17912d_18.tar.bz2#cd6e497c87a839179e9b8df33dc78791
https://conda.anaconda.org/conda-forge/win-64/markupsafe-2.1.1-py39hb82d6ee_1.tar.bz2#119fcbf11662ac0b8b4d4fcfa52e49e2
https://conda.anaconda.org/conda-forge/win-64/msgpack-python-1.0.4-py39h2e07f2f_0.tar.bz2#f6d772388b96a68d507cfa47c18b8100
https://conda.anaconda.org/conda-forge/win-64/numpy-1.23.3-py39h9061af7_0.tar.bz2#64cfaa25c8cc5e40510d00d09491e529
https://conda.anaconda.org/conda-forge/noarch/packaging-20.9-pyh44b312d_0.tar.bz2#be69a38e912054a62dc82cc3c7711a64
https://conda.anaconda.org/conda-forge/noarch/pexpect-4.8.0-pyh9f0ad1d_2.tar.bz2#5909e7b978141dd80d28dbf9de627827
https://conda.anaconda.org/conda-forge/noarch/plotly-5.10.0-pyhd8ed1ab_0.tar.bz2#e95502aa0f8e3db05d198214472575de
https://conda.anaconda.org/conda-forge/win-64/pluggy-1.0.0-py39hcbf5309_3.tar.bz2#7c78954b71d00dcede886c75fd116060
https://conda.anaconda.org/conda-forge/win-64/poetry-core-1.0.8-py39hcbf5309_1.tar.bz2#37c97e0f44ac2443e49f346c700697fe
https://conda.anaconda.org/conda-forge/win-64/psycopg2-2.9.3-py39h0878f49_0.tar.bz2#508098d5631ce599f87d1819095ac8bd
https://conda.anaconda.org/conda-forge/noarch/python-dateutil-2.8.2-pyhd8ed1ab_0.tar.bz2#dd999d1cc9f79e67dbb855c8924c7984
https://conda.anaconda.org/conda-forge/win-64/pywin32-ctypes-0.2.0-py39hcbf5309_1005.tar.bz2#097be2f0d134cfff8029cd6729cc65b4
https://conda.anaconda.org/conda-forge/win-64/pyyaml-6.0-py39hb82d6ee_4.tar.bz2#09b598ab49bb572ba3d41ea52b0c1775
https://conda.anaconda.org/conda-forge/win-64/ruamel.yaml.clib-0.2.6-py39hb82d6ee_1.tar.bz2#e1b05e6cd5e5c756518a63e2b613eea7
https://conda.anaconda.org/conda-forge/win-64/setuptools-59.8.0-py39hcbf5309_1.tar.bz2#47c36361b12024db7cbd86e28435bc3c
https://conda.anaconda.org/conda-forge/win-64/tiledb-2.11.3-h5689973_0.tar.bz2#957c7344dc1d9e3847b088649180a359
https://conda.anaconda.org/conda-forge/noarch/tomlkit-0.11.5-pyha770c72_0.tar.bz2#f82cf1ff4aa8228ec71041b8adef19d6
https://conda.anaconda.org/conda-forge/noarch/typing-extensions-4.4.0-hd8ed1ab_0.tar.bz2#be969210b61b897775a0de63cd9e9026
https://conda.anaconda.org/conda-forge/win-64/virtualenv-20.16.5-py39hcbf5309_0.tar.bz2#1250bb062c1c3aa88c37e392abdfd632
https://conda.anaconda.org/conda-forge/win-64/win_inet_pton-1.1.0-py39hcbf5309_4.tar.bz2#cde3346ce427c3c58aab6a5d2fe04e37
https://conda.anaconda.org/conda-forge/win-64/brotlipy-0.7.0-py39hb82d6ee_1004.tar.bz2#be56edb5ff4a3049eafa825b98b26ef4
https://conda.anaconda.org/conda-forge/win-64/cftime-1.6.2-py39hc266a54_0.tar.bz2#d10c583a287b8a79e069264b2fc934c2
https://conda.anaconda.org/conda-forge/noarch/cleo-0.8.1-pyhd8ed1ab_2.tar.bz2#4c82b11a3d06031bd58e7d869f53d965
https://conda.anaconda.org/conda-forge/noarch/click-default-group-1.2.2-pyhd8ed1ab_1.tar.bz2#72a46ffc25701c173932fd55cf0965d3
https://conda.anaconda.org/conda-forge/noarch/click-plugins-1.1.1-py_0.tar.bz2#4fd2c6b53934bd7d96d1f3fdaf99b79f
https://conda.anaconda.org/conda-forge/noarch/cligj-0.7.2-pyhd8ed1ab_1.tar.bz2#a29b7c141d6b2de4bb67788a5f107734
https://conda.anaconda.org/conda-forge/win-64/cryptography-38.0.1-py39h58e9bdb_0.tar.bz2#74355a1c4682b14404a7af1de940fefe
https://conda.anaconda.org/conda-forge/win-64/gstreamer-1.20.3-h6b5321d_2.tar.bz2#bf1954820a81fe4a47ed0ddf884923b5
https://conda.anaconda.org/conda-forge/noarch/importlib_metadata-4.11.4-hd8ed1ab_0.tar.bz2#9a1925fdb91c81437b8012e48ede6851
https://conda.anaconda.org/conda-forge/noarch/jinja2-3.1.2-pyhd8ed1ab_1.tar.bz2#c8490ed5c70966d232fdd389d0dbed37
https://conda.anaconda.org/conda-forge/win-64/numcodecs-0.10.2-py39h415ef7b_0.tar.bz2#53e2c75d8450cd3483325d731cd4736e
https://conda.anaconda.org/conda-forge/win-64/pandas-1.3.5-py39h2e25243_0.tar.bz2#5eeed494679a07b25c19621066634aba
https://conda.anaconda.org/conda-forge/noarch/pip-22.2.2-pyhd8ed1ab_0.tar.bz2#0b43abe4d3ee93e82742d37def53a836
https://conda.anaconda.org/conda-forge/win-64/poppler-22.04.0-hb57f792_3.tar.bz2#1d4077194205e2961525d5d35c8aabbb
https://conda.anaconda.org/conda-forge/win-64/protobuf-4.21.7-py39h99910a6_0.tar.bz2#f1653aa2237432e20cbc187fa823ab76
https://conda.anaconda.org/conda-forge/win-64/pydantic-1.10.2-py39ha55989b_0.tar.bz2#e7efe8c66ee8c72882550a0f15aea2e7
https://conda.anaconda.org/conda-forge/noarch/pysocks-1.7.1-pyh0701188_6.tar.bz2#56cd9fe388baac0e90c7149cfac95b60
https://conda.anaconda.org/conda-forge/win-64/pytest-7.1.3-py39hcbf5309_0.tar.bz2#1dbf41f27f8e4829f53ec74e520acede
https://conda.anaconda.org/conda-forge/win-64/ruamel.yaml-0.17.21-py39hb82d6ee_1.tar.bz2#4132ee30cef977b5bd68e02ddf6e8b9e
https://conda.anaconda.org/conda-forge/win-64/shapely-1.8.4-py39he0923fe_0.tar.bz2#1144447badbbfe376e62f77a7a116d41
https://conda.anaconda.org/conda-forge/noarch/snuggs-1.4.7-py_0.tar.bz2#cb83a3d6ecf73f50117635192414426a
https://conda.anaconda.org/conda-forge/noarch/flask-2.1.3-pyhd8ed1ab_0.tar.bz2#4b95b1c750d6d737905cdb447f097b9c
https://conda.anaconda.org/conda-forge/noarch/geobuf-1.1.1-pyh9f0ad1d_0.tar.bz2#8e12e8f59e69f137b4e71d59d3c84fdb
https://conda.anaconda.org/conda-forge/win-64/gst-plugins-base-1.20.3-h001b923_2.tar.bz2#86d27bed1422db2e98540a9945079b36
https://conda.anaconda.org/conda-forge/win-64/keyring-23.9.3-py39hcbf5309_0.tar.bz2#8e7b1c078e40b1b7c11d1dee81948cce
https://conda.anaconda.org/conda-forge/win-64/libgdal-3.5.2-hc386656_3.tar.bz2#c9282aeffc80fce9c6bc68c1b25cf8c1
https://conda.anaconda.org/conda-forge/win-64/netcdf4-1.6.1-nompi_py39h34fa13a_100.tar.bz2#15a887c5133fe1138e5af0038426d739
https://conda.anaconda.org/conda-forge/noarch/pyopenssl-22.0.0-pyhd8ed1ab_1.tar.bz2#2e7e3630919d29c8216bfa2cd643d79e
https://conda.anaconda.org/conda-forge/noarch/xarray-2022.9.0-pyhd8ed1ab_0.tar.bz2#e841ab2f40fb319e6740130227904cbf
https://conda.anaconda.org/conda-forge/noarch/zarr-2.13.2-pyhd8ed1ab_1.tar.bz2#59cf72594470af2b29259966bae73c10
https://conda.anaconda.org/conda-forge/noarch/flask-compress-1.13-pyhd8ed1ab_0.tar.bz2#19a84270d30c5a0dd10780e3d510e33d
https://conda.anaconda.org/conda-forge/win-64/qt-main-5.15.6-hf0cf448_0.tar.bz2#b66383422c11418148d7dc1341b83a97
https://conda.anaconda.org/conda-forge/win-64/rasterio-1.3.2-py39h223f425_0.tar.bz2#9b1ed4782f0ffb2609d6d97c6f99edbe
https://conda.anaconda.org/conda-forge/noarch/urllib3-1.26.11-pyhd8ed1ab_0.tar.bz2#0738978569b10669bdef41c671252dd1
https://conda.anaconda.org/conda-forge/noarch/dash-2.3.1-pyhd8ed1ab_0.tar.bz2#04ed661c89c3f175967a3ec63bf17cf9
https://conda.anaconda.org/conda-forge/win-64/libopencv-4.6.0-py39h8f05829_4.tar.bz2#5a504d36ac4f413f4bfd6e52d8d00c1c
https://conda.anaconda.org/conda-forge/noarch/requests-2.28.1-pyhd8ed1ab_1.tar.bz2#089382ee0e2dc2eae33a04cc3c2bddb0
https://conda.anaconda.org/conda-forge/noarch/cachecontrol-0.12.11-pyhd8ed1ab_0.tar.bz2#6eefee9888f33f150b5d44d616b1a613
https://conda.anaconda.org/conda-forge/noarch/dash-bootstrap-components-1.2.1-pyhd8ed1ab_0.tar.bz2#e10b0d9a3e034c3010c5a4d4a746b9ec
https://conda.anaconda.org/conda-forge/noarch/dash-leaflet-0.1.23-pyhd8ed1ab_0.tar.bz2#e2b8a722cbd53064e931e7aa5ef30cc2
https://conda.anaconda.org/conda-forge/noarch/ensureconda-1.4.3-pyhd8ed1ab_0.tar.bz2#c99ae3abf501990769047b4b40a98f17
https://conda.anaconda.org/conda-forge/win-64/py-opencv-4.6.0-py39h832f523_4.tar.bz2#9a66d53409b817682820c84a6620c0e7
https://conda.anaconda.org/conda-forge/noarch/requests-toolbelt-0.9.1-py_0.tar.bz2#402668adee8fcba9a9c265cdc2a88f5a
https://conda.anaconda.org/conda-forge/win-64/opencv-4.6.0-py39hcbf5309_4.tar.bz2#83acd46b13d3c7d6bef8e0d3f4a4ddfe
https://conda.anaconda.org/conda-forge/win-64/poetry-1.1.15-py39hcbf5309_0.tar.bz2#c8fc77b28460be3fdf5ef9ec99c52a59
https://conda.anaconda.org/conda-forge/noarch/conda-lock-1.1.1-pyhd8ed1ab_0.tar.bz2#2d1c6d733a45b168eef7acc6212109ed
